<?xml version="1.0" encoding="utf-8"?>
<Project ToolsVersion="4.0" xmlns="http://schemas.microsoft.com/developer/msbuild/2003">
  <ItemGroup>
    <Filter Include="Source Files">
      <UniqueIdentifier>{4FC737F1-C7A5-4376-A066-2A32D752A2FF}</UniqueIdentifier>
      <Extensions>cpp;c;cc;cxx;def;odl;idl;hpj;bat;asm;asmx</Extensions>
    </Filter>
    <Filter Include="Header Files">
      <UniqueIdentifier>{93995380-89BD-4b04-88EB-625FBE52EBFB}</UniqueIdentifier>
      <Extensions>h;hh;hpp;hxx;hm;inl;inc;xsd</Extensions>
    </Filter>
    <Filter Include="Resource Files">
      <UniqueIdentifier>{67DA6AB6-F800-4c08-8B7A-83BB121AAD01}</UniqueIdentifier>
      <Extensions>rc;ico;cur;bmp;dlg;rc2;rct;bin;rgs;gif;jpg;jpeg;jpe;resx;tiff;tif;png;wav;mfcribbon-ms</Extensions>
    </Filter>
    <Filter Include="BasicBitmap">
      <UniqueIdentifier>{1adc70bc-1650-43a7-a0a6-4374342d82fe}</UniqueIdentifier>
    </Filter>
    <Filter Include="webp">
      <UniqueIdentifier>{a413db3c-d780-4f50-be18-d08dcf03c31c}</UniqueIdentifier>
    </Filter>
  </ItemGroup>
  <ItemGroup>
    <ClInclude Include="obZrv.h">
      <Filter>Header Files</Filter>
    </ClInclude>
    <ClInclude Include="stdafx.h">
      <Filter>Header Files</Filter>
    </ClInclude>
    <ClInclude Include="targetver.h">
      <Filter>Header Files</Filter>
    </ClInclude>
    <ClInclude Include="Resource.h">
      <Filter>Header Files</Filter>
    </ClInclude>
    <ClInclude Include="AulddaysStatusBar.h">
      <Filter>Header Files</Filter>
    </ClInclude>
    <ClInclude Include="..\AulddaysDpiHelper\AulddaysDpiHelper.h">
      <Filter>Header Files</Filter>
    </ClInclude>
    <ClInclude Include="Codec.h">
      <Filter>Header Files</Filter>
    </ClInclude>
    <ClInclude Include="GdiPlusCodec.h">
      <Filter>Header Files</Filter>
    </ClInclude>
    <ClInclude Include="BasicBitmap\BasicBitmap.h">
      <Filter>BasicBitmap</Filter>
    </ClInclude>
    <ClInclude Include="ZDoc.h">
      <Filter>Header Files</Filter>
    </ClInclude>
    <ClInclude Include="Frame.h">
      <Filter>Header Files</Filter>
    </ClInclude>
    <ClInclude Include="ZView.h">
      <Filter>Header Files</Filter>
    </ClInclude>
    <ClInclude Include="webp\decode.h">
      <Filter>webp</Filter>
    </ClInclude>
    <ClInclude Include="WebpCodec.h">
      <Filter>Header Files</Filter>
    </ClInclude>
    <ClInclude Include="webp\types.h">
      <Filter>webp</Filter>
    </ClInclude>
    <ClInclude Include="webp\demux.h">
      <Filter>webp</Filter>
    </ClInclude>
    <ClInclude Include="webp\mux_types.h">
      <Filter>webp</Filter>
    </ClInclude>
  </ItemGroup>
  <ItemGroup>
    <ClCompile Include="obZrv.cpp">
      <Filter>Source Files</Filter>
    </ClCompile>
    <ClCompile Include="stdafx.cpp">
      <Filter>Source Files</Filter>
    </ClCompile>
    <ClCompile Include="AulddaysStatusBar.cpp">
      <Filter>Source Files</Filter>
    </ClCompile>
    <ClCompile Include="..\AulddaysDpiHelper\AulddaysDpiHelper.cpp">
      <Filter>Source Files</Filter>
    </ClCompile>
    <ClCompile Include="GdiPlusCodec.cpp">
      <Filter>Source Files</Filter>
    </ClCompile>
    <ClCompile Include="BasicBitmap\BasicBitmap.cpp">
      <Filter>BasicBitmap</Filter>
    </ClCompile>
    <ClCompile Include="BasicBitmap\BasicBitmap_SSE2.cpp">
      <Filter>BasicBitmap</Filter>
    </ClCompile>
    <ClCompile Include="ZDoc.cpp">
      <Filter>Source Files</Filter>
    </ClCompile>
    <ClCompile Include="ZView.cpp">
      <Filter>Source Files</Filter>
    </ClCompile>
    <ClCompile Include="Frame.cpp">
      <Filter>Source Files</Filter>
    </ClCompile>
    <ClCompile Include="WebpCodec.cpp">
      <Filter>Source Files</Filter>
    </ClCompile>
  </ItemGroup>
  <ItemGroup>
    <ResourceCompile Include="obZrv.rc">
      <Filter>Resource Files</Filter>
    </ResourceCompile>
  </ItemGroup>
  <ItemGroup>
    <Image Include="UserImages.bmp">
      <Filter>Resource Files</Filter>
    </Image>
    <Image Include="res\obZrvDoc.ico">
      <Filter>Resource Files</Filter>
    </Image>
    <Image Include="res\obZrv.ico">
      <Filter>Resource Files</Filter>
    </Image>
    <Image Include="res\Toolbar.bmp">
      <Filter>Resource Files</Filter>
    </Image>
    <Image Include="res\Toolbar256.bmp">
      <Filter>Resource Files</Filter>
    </Image>
  </ItemGroup>
  <ItemGroup>
    <None Include="res\obZrv.rc2">
      <Filter>Resource Files</Filter>
    </None>
  </ItemGroup>
  <ItemGroup>
    <Manifest Include="..\AulddaysDpiHelper\AulddaysDpiHelper.manifest" />
  </ItemGroup>
</Project>